
Microsoft Visual Studio Solution File, Format Version 11.00
# Visual Studio 2010
Project("{FAE04EC0-301F-11D3-BF4B-00C04F79EFBC}") = "HomoCollosusVuforia", "Assembly-CSharp.csproj", "{216AC796-E846-C7B5-4014-AA5D64007225}"
EndProject
Project("{FAE04EC0-301F-11D3-BF4B-00C04F79EFBC}") = "HomoCollosusVuforia", "Assembly-CSharp-Editor.csproj", "{A9B2C783-3315-E6E2-C5BE-D041DF37B05C}"
EndProject
Global
	GlobalSection(SolutionConfigurationPlatforms) = preSolution
		Debug|Any CPU = Debug|Any CPU
		Release|Any CPU = Release|Any CPU
	EndGlobalSection
	GlobalSection(ProjectConfigurationPlatforms) = postSolution
		{216AC796-E846-C7B5-4014-AA5D64007225}.Debug|Any CPU.ActiveCfg = Debug|Any CPU
		{216AC796-E846-C7B5-4014-AA5D64007225}.Debug|Any CPU.Build.0 = Debug|Any CPU
		{216AC796-E846-C7B5-4014-AA5D64007225}.Release|Any CPU.ActiveCfg = Release|Any CPU
		{216AC796-E846-C7B5-4014-AA5D64007225}.Release|Any CPU.Build.0 = Release|Any CPU
		{A9B2C783-3315-E6E2-C5BE-D041DF37B05C}.Debug|Any CPU.ActiveCfg = Debug|Any CPU
		{A9B2C783-3315-E6E2-C5BE-D041DF37B05C}.Debug|Any CPU.Build.0 = Debug|Any CPU
		{A9B2C783-3315-E6E2-C5BE-D041DF37B05C}.Release|Any CPU.ActiveCfg = Release|Any CPU
		{A9B2C783-3315-E6E2-C5BE-D041DF37B05C}.Release|Any CPU.Build.0 = Release|Any CPU
	EndGlobalSection
	GlobalSection(SolutionProperties) = preSolution
		HideSolutionNode = FALSE
	EndGlobalSection
	GlobalSection(MonoDevelopProperties) = preSolution
		StartupItem = Assembly-CSharp.csproj
	EndGlobalSection
EndGlobal
